
Microsoft Visual Studio Solution File, Format Version 12.00
# Visual Studio Version 16
VisualStudioVersion = 16.0.30717.126
MinimumVisualStudioVersion = 10.0.40219.1
Project("{9A19103F-16F7-4668-BE54-9A1E7A4F7556}") = "MvcMovie", "MvcMovie\MvcMovie.csproj", "{B5C6773A-5EC3-4D20-B170-55C8DA4133B6}"
EndProject
Global
	GlobalSection(SolutionConfigurationPlatforms) = preSolution
		Debug|Any CPU = Debug|Any CPU
		Release|Any CPU = Release|Any CPU
	EndGlobalSection
	GlobalSection(ProjectConfigurationPlatforms) = postSolution
		{B5C6773A-5EC3-4D20-B170-55C8DA4133B6}.Debug|Any CPU.ActiveCfg = Debug|Any CPU
		{B5C6773A-5EC3-4D20-B170-55C8DA4133B6}.Debug|Any CPU.Build.0 = Debug|Any CPU
		{B5C6773A-5EC3-4D20-B170-55C8DA4133B6}.Release|Any CPU.ActiveCfg = Release|Any CPU
		{B5C6773A-5EC3-4D20-B170-55C8DA4133B6}.Release|Any CPU.Build.0 = Release|Any CPU
	EndGlobalSection
	GlobalSection(SolutionProperties) = preSolution
		HideSolutionNode = FALSE
	EndGlobalSection
	GlobalSection(ExtensibilityGlobals) = postSolution
		SolutionGuid = {5665FFA8-E6ED-49A4-84E3-667B23E50C23}
	EndGlobalSection
EndGlobal
